# This file is automatically @generated by Poetry and should not be changed by hand.

[[package]]
name = "altgraph"
version = "0.17.3"
description = "Python graph (network) package"
category = "dev"
optional = false
python-versions = "*"
files = [
    {file = "altgraph-0.17.3-py2.py3-none-any.whl", hash = "sha256:c8ac1ca6772207179ed8003ce7687757c04b0b71536f81e2ac5755c6226458fe"},
    {file = "altgraph-0.17.3.tar.gz", hash = "sha256:ad33358114df7c9416cdb8fa1eaa5852166c505118717021c6a8c7c7abbd03dd"},
]

[[package]]
name = "certifi"
version = "2022.12.7"
description = "Python package for providing Mozilla's CA Bundle."
category = "main"
optional = false
python-versions = ">=3.6"
files = [
    {file = "certifi-2022.12.7-py3-none-any.whl", hash = "sha256:4ad3232f5e926d6718ec31cfc1fcadfde020920e278684144551c91769c7bc18"},
    {file = "certifi-2022.12.7.tar.gz", hash = "sha256:35824b4c3a97115964b408844d64aa14db1cc518f6562e8d7261699d1350a9e3"},
]

[[package]]
name = "charset-normalizer"
version = "3.0.1"
description = "The Real First Universal Charset Detector. Open, modern and actively maintained alternative to Chardet."
category = "main"
optional = false
python-versions = "*"
files = [
    {file = "charset-normalizer-3.0.1.tar.gz", hash = "sha256:ebea339af930f8ca5d7a699b921106c6e29c617fe9606fa7baa043c1cdae326f"},
    {file = "charset_normalizer-3.0.1-cp310-cp310-macosx_10_9_universal2.whl", hash = "sha256:88600c72ef7587fe1708fd242b385b6ed4b8904976d5da0893e31df8b3480cb6"},
    {file = "charset_normalizer-3.0.1-cp310-cp310-macosx_10_9_x86_64.whl", hash = "sha256:c75ffc45f25324e68ab238cb4b5c0a38cd1c3d7f1fb1f72b5541de469e2247db"},
    {file = "charset_normalizer-3.0.1-cp310-cp310-macosx_11_0_arm64.whl", hash = "sha256:db72b07027db150f468fbada4d85b3b2729a3db39178abf5c543b784c1254539"},
    {file = "charset_normalizer-3.0.1-cp310-cp310-manylinux_2_17_aarch64.manylinux2014_aarch64.whl", hash = "sha256:62595ab75873d50d57323a91dd03e6966eb79c41fa834b7a1661ed043b2d404d"},
    {file = "charset_normalizer-3.0.1-cp310-cp310-manylinux_2_17_ppc64le.manylinux2014_ppc64le.whl", hash = "sha256:ff6f3db31555657f3163b15a6b7c6938d08df7adbfc9dd13d9d19edad678f1e8"},
    {file = "charset_normalizer-3.0.1-cp310-cp310-manylinux_2_17_s390x.manylinux2014_s390x.whl", hash = "sha256:772b87914ff1152b92a197ef4ea40efe27a378606c39446ded52c8f80f79702e"},
    {file = "charset_normalizer-3.0.1-cp310-cp310-manylinux_2_17_x86_64.manylinux2014_x86_64.whl", hash = "sha256:70990b9c51340e4044cfc394a81f614f3f90d41397104d226f21e66de668730d"},
    {file = "charset_normalizer-3.0.1-cp310-cp310-manylinux_2_5_i686.manylinux1_i686.manylinux_2_17_i686.manylinux2014_i686.whl", hash = "sha256:292d5e8ba896bbfd6334b096e34bffb56161c81408d6d036a7dfa6929cff8783"},
    {file = "charset_normalizer-3.0.1-cp310-cp310-musllinux_1_1_aarch64.whl", hash = "sha256:2edb64ee7bf1ed524a1da60cdcd2e1f6e2b4f66ef7c077680739f1641f62f555"},
    {file = "charset_normalizer-3.0.1-cp310-cp310-musllinux_1_1_i686.whl", hash = "sha256:31a9ddf4718d10ae04d9b18801bd776693487cbb57d74cc3458a7673f6f34639"},
    {file = "charset_normalizer-3.0.1-cp310-cp310-musllinux_1_1_ppc64le.whl", hash = "sha256:44ba614de5361b3e5278e1241fda3dc1838deed864b50a10d7ce92983797fa76"},
    {file = "charset_normalizer-3.0.1-cp310-cp310-musllinux_1_1_s390x.whl", hash = "sha256:12db3b2c533c23ab812c2b25934f60383361f8a376ae272665f8e48b88e8e1c6"},
    {file = "charset_normalizer-3.0.1-cp310-cp310-musllinux_1_1_x86_64.whl", hash = "sha256:c512accbd6ff0270939b9ac214b84fb5ada5f0409c44298361b2f5e13f9aed9e"},
    {file = "charset_normalizer-3.0.1-cp310-cp310-win32.whl", hash = "sha256:502218f52498a36d6bf5ea77081844017bf7982cdbe521ad85e64cabee1b608b"},
    {file = "charset_normalizer-3.0.1-cp310-cp310-win_amd64.whl", hash = "sha256:601f36512f9e28f029d9481bdaf8e89e5148ac5d89cffd3b05cd533eeb423b59"},
    {file = "charset_normalizer-3.0.1-cp311-cp311-macosx_10_9_universal2.whl", hash = "sha256:0298eafff88c99982a4cf66ba2efa1128e4ddaca0b05eec4c456bbc7db691d8d"},
    {file = "charset_normalizer-3.0.1-cp311-cp311-macosx_10_9_x86_64.whl", hash = "sha256:a8d0fc946c784ff7f7c3742310cc8a57c5c6dc31631269876a88b809dbeff3d3"},
    {file = "charset_normalizer-3.0.1-cp311-cp311-macosx_11_0_arm64.whl", hash = "sha256:87701167f2a5c930b403e9756fab1d31d4d4da52856143b609e30a1ce7160f3c"},
    {file = "charset_normalizer-3.0.1-cp311-cp311-manylinux_2_17_aarch64.manylinux2014_aarch64.whl", hash = "sha256:14e76c0f23218b8f46c4d87018ca2e441535aed3632ca134b10239dfb6dadd6b"},
    {file = "charset_normalizer-3.0.1-cp311-cp311-manylinux_2_17_ppc64le.manylinux2014_ppc64le.whl", hash = "sha256:0c0a590235ccd933d9892c627dec5bc7511ce6ad6c1011fdf5b11363022746c1"},
    {file = "charset_normalizer-3.0.1-cp311-cp311-manylinux_2_17_s390x.manylinux2014_s390x.whl", hash = "sha256:8c7fe7afa480e3e82eed58e0ca89f751cd14d767638e2550c77a92a9e749c317"},
    {file = "charset_normalizer-3.0.1-cp311-cp311-manylinux_2_17_x86_64.manylinux2014_x86_64.whl", hash = "sha256:79909e27e8e4fcc9db4addea88aa63f6423ebb171db091fb4373e3312cb6d603"},
    {file = "charset_normalizer-3.0.1-cp311-cp311-manylinux_2_5_i686.manylinux1_i686.manylinux_2_17_i686.manylinux2014_i686.whl", hash = "sha256:8ac7b6a045b814cf0c47f3623d21ebd88b3e8cf216a14790b455ea7ff0135d18"},
    {file = "charset_normalizer-3.0.1-cp311-cp311-musllinux_1_1_aarch64.whl", hash = "sha256:72966d1b297c741541ca8cf1223ff262a6febe52481af742036a0b296e35fa5a"},
    {file = "charset_normalizer-3.0.1-cp311-cp311-musllinux_1_1_i686.whl", hash = "sha256:f9d0c5c045a3ca9bedfc35dca8526798eb91a07aa7a2c0fee134c6c6f321cbd7"},
    {file = "charset_normalizer-3.0.1-cp311-cp311-musllinux_1_1_ppc64le.whl", hash = "sha256:5995f0164fa7df59db4746112fec3f49c461dd6b31b841873443bdb077c13cfc"},
    {file = "charset_normalizer-3.0.1-cp311-cp311-musllinux_1_1_s390x.whl", hash = "sha256:4a8fcf28c05c1f6d7e177a9a46a1c52798bfe2ad80681d275b10dcf317deaf0b"},
    {file = "charset_normalizer-3.0.1-cp311-cp311-musllinux_1_1_x86_64.whl", hash = "sha256:761e8904c07ad053d285670f36dd94e1b6ab7f16ce62b9805c475b7aa1cffde6"},
    {file = "charset_normalizer-3.0.1-cp311-cp311-win32.whl", hash = "sha256:71140351489970dfe5e60fc621ada3e0f41104a5eddaca47a7acb3c1b851d6d3"},
    {file = "charset_normalizer-3.0.1-cp311-cp311-win_amd64.whl", hash = "sha256:9ab77acb98eba3fd2a85cd160851816bfce6871d944d885febf012713f06659c"},
    {file = "charset_normalizer-3.0.1-cp36-cp36m-macosx_10_9_x86_64.whl", hash = "sha256:84c3990934bae40ea69a82034912ffe5a62c60bbf6ec5bc9691419641d7d5c9a"},
    {file = "charset_normalizer-3.0.1-cp36-cp36m-manylinux_2_17_aarch64.manylinux2014_aarch64.whl", hash = "sha256:74292fc76c905c0ef095fe11e188a32ebd03bc38f3f3e9bcb85e4e6db177b7ea"},
    {file = "charset_normalizer-3.0.1-cp36-cp36m-manylinux_2_17_ppc64le.manylinux2014_ppc64le.whl", hash = "sha256:c95a03c79bbe30eec3ec2b7f076074f4281526724c8685a42872974ef4d36b72"},
    {file = "charset_normalizer-3.0.1-cp36-cp36m-manylinux_2_17_s390x.manylinux2014_s390x.whl", hash = "sha256:f4c39b0e3eac288fedc2b43055cfc2ca7a60362d0e5e87a637beac5d801ef478"},
    {file = "charset_normalizer-3.0.1-cp36-cp36m-manylinux_2_17_x86_64.manylinux2014_x86_64.whl", hash = "sha256:df2c707231459e8a4028eabcd3cfc827befd635b3ef72eada84ab13b52e1574d"},
    {file = "charset_normalizer-3.0.1-cp36-cp36m-manylinux_2_5_i686.manylinux1_i686.manylinux_2_17_i686.manylinux2014_i686.whl", hash = "sha256:93ad6d87ac18e2a90b0fe89df7c65263b9a99a0eb98f0a3d2e079f12a0735837"},
    {file = "charset_normalizer-3.0.1-cp36-cp36m-musllinux_1_1_aarch64.whl", hash = "sha256:59e5686dd847347e55dffcc191a96622f016bc0ad89105e24c14e0d6305acbc6"},
    {file = "charset_normalizer-3.0.1-cp36-cp36m-musllinux_1_1_i686.whl", hash = "sha256:cd6056167405314a4dc3c173943f11249fa0f1b204f8b51ed4bde1a9cd1834dc"},
    {file = "charset_normalizer-3.0.1-cp36-cp36m-musllinux_1_1_ppc64le.whl", hash = "sha256:083c8d17153ecb403e5e1eb76a7ef4babfc2c48d58899c98fcaa04833e7a2f9a"},
    {file = "charset_normalizer-3.0.1-cp36-cp36m-musllinux_1_1_s390x.whl", hash = "sha256:f5057856d21e7586765171eac8b9fc3f7d44ef39425f85dbcccb13b3ebea806c"},
    {file = "charset_normalizer-3.0.1-cp36-cp36m-musllinux_1_1_x86_64.whl", hash = "sha256:7eb33a30d75562222b64f569c642ff3dc6689e09adda43a082208397f016c39a"},
    {file = "charset_normalizer-3.0.1-cp36-cp36m-win32.whl", hash = "sha256:95dea361dd73757c6f1c0a1480ac499952c16ac83f7f5f4f84f0658a01b8ef41"},
    {file = "charset_normalizer-3.0.1-cp36-cp36m-win_amd64.whl", hash = "sha256:eaa379fcd227ca235d04152ca6704c7cb55564116f8bc52545ff357628e10602"},
    {file = "charset_normalizer-3.0.1-cp37-cp37m-macosx_10_9_x86_64.whl", hash = "sha256:3e45867f1f2ab0711d60c6c71746ac53537f1684baa699f4f668d4c6f6ce8e14"},
    {file = "charset_normalizer-3.0.1-cp37-cp37m-manylinux_2_17_aarch64.manylinux2014_aarch64.whl", hash = "sha256:cadaeaba78750d58d3cc6ac4d1fd867da6fc73c88156b7a3212a3cd4819d679d"},
    {file = "charset_normalizer-3.0.1-cp37-cp37m-manylinux_2_17_ppc64le.manylinux2014_ppc64le.whl", hash = "sha256:911d8a40b2bef5b8bbae2e36a0b103f142ac53557ab421dc16ac4aafee6f53dc"},
    {file = "charset_normalizer-3.0.1-cp37-cp37m-manylinux_2_17_s390x.manylinux2014_s390x.whl", hash = "sha256:503e65837c71b875ecdd733877d852adbc465bd82c768a067badd953bf1bc5a3"},
    {file = "charset_normalizer-3.0.1-cp37-cp37m-manylinux_2_17_x86_64.manylinux2014_x86_64.whl", hash = "sha256:a60332922359f920193b1d4826953c507a877b523b2395ad7bc716ddd386d866"},
    {file = "charset_normalizer-3.0.1-cp37-cp37m-manylinux_2_5_i686.manylinux1_i686.manylinux_2_17_i686.manylinux2014_i686.whl", hash = "sha256:16a8663d6e281208d78806dbe14ee9903715361cf81f6d4309944e4d1e59ac5b"},
    {file = "charset_normalizer-3.0.1-cp37-cp37m-musllinux_1_1_aarch64.whl", hash = "sha256:a16418ecf1329f71df119e8a65f3aa68004a3f9383821edcb20f0702934d8087"},
    {file = "charset_normalizer-3.0.1-cp37-cp37m-musllinux_1_1_i686.whl", hash = "sha256:9d9153257a3f70d5f69edf2325357251ed20f772b12e593f3b3377b5f78e7ef8"},
    {file = "charset_normalizer-3.0.1-cp37-cp37m-musllinux_1_1_ppc64le.whl", hash = "sha256:02a51034802cbf38db3f89c66fb5d2ec57e6fe7ef2f4a44d070a593c3688667b"},
    {file = "charset_normalizer-3.0.1-cp37-cp37m-musllinux_1_1_s390x.whl", hash = "sha256:2e396d70bc4ef5325b72b593a72c8979999aa52fb8bcf03f701c1b03e1166918"},
    {file = "charset_normalizer-3.0.1-cp37-cp37m-musllinux_1_1_x86_64.whl", hash = "sha256:11b53acf2411c3b09e6af37e4b9005cba376c872503c8f28218c7243582df45d"},
    {file = "charset_normalizer-3.0.1-cp37-cp37m-win32.whl", hash = "sha256:0bf2dae5291758b6f84cf923bfaa285632816007db0330002fa1de38bfcb7154"},
    {file = "charset_normalizer-3.0.1-cp37-cp37m-win_amd64.whl", hash = "sha256:2c03cc56021a4bd59be889c2b9257dae13bf55041a3372d3295416f86b295fb5"},
    {file = "charset_normalizer-3.0.1-cp38-cp38-macosx_10_9_universal2.whl", hash = "sha256:024e606be3ed92216e2b6952ed859d86b4cfa52cd5bc5f050e7dc28f9b43ec42"},
    {file = "charset_normalizer-3.0.1-cp38-cp38-macosx_10_9_x86_64.whl", hash = "sha256:4b0d02d7102dd0f997580b51edc4cebcf2ab6397a7edf89f1c73b586c614272c"},
    {file = "charset_normalizer-3.0.1-cp38-cp38-macosx_11_0_arm64.whl", hash = "sha256:358a7c4cb8ba9b46c453b1dd8d9e431452d5249072e4f56cfda3149f6ab1405e"},
    {file = "charset_normalizer-3.0.1-cp38-cp38-manylinux_2_17_aarch64.manylinux2014_aarch64.whl", hash = "sha256:81d6741ab457d14fdedc215516665050f3822d3e56508921cc7239f8c8e66a58"},
    {file = "charset_normalizer-3.0.1-cp38-cp38-manylinux_2_17_ppc64le.manylinux2014_ppc64le.whl", hash = "sha256:8b8af03d2e37866d023ad0ddea594edefc31e827fee64f8de5611a1dbc373174"},
    {file = "charset_normalizer-3.0.1-cp38-cp38-manylinux_2_17_s390x.manylinux2014_s390x.whl", hash = "sha256:9cf4e8ad252f7c38dd1f676b46514f92dc0ebeb0db5552f5f403509705e24753"},
    {file = "charset_normalizer-3.0.1-cp38-cp38-manylinux_2_17_x86_64.manylinux2014_x86_64.whl", hash = "sha256:e696f0dd336161fca9adbb846875d40752e6eba585843c768935ba5c9960722b"},
    {file = "charset_normalizer-3.0.1-cp38-cp38-manylinux_2_5_i686.manylinux1_i686.manylinux_2_17_i686.manylinux2014_i686.whl", hash = "sha256:c22d3fe05ce11d3671297dc8973267daa0f938b93ec716e12e0f6dee81591dc1"},
    {file = "charset_normalizer-3.0.1-cp38-cp38-musllinux_1_1_aarch64.whl", hash = "sha256:109487860ef6a328f3eec66f2bf78b0b72400280d8f8ea05f69c51644ba6521a"},
    {file = "charset_normalizer-3.0.1-cp38-cp38-musllinux_1_1_i686.whl", hash = "sha256:37f8febc8ec50c14f3ec9637505f28e58d4f66752207ea177c1d67df25da5aed"},
    {file = "charset_normalizer-3.0.1-cp38-cp38-musllinux_1_1_ppc64le.whl", hash = "sha256:f97e83fa6c25693c7a35de154681fcc257c1c41b38beb0304b9c4d2d9e164479"},
    {file = "charset_normalizer-3.0.1-cp38-cp38-musllinux_1_1_s390x.whl", hash = "sha256:a152f5f33d64a6be73f1d30c9cc82dfc73cec6477ec268e7c6e4c7d23c2d2291"},
    {file = "charset_normalizer-3.0.1-cp38-cp38-musllinux_1_1_x86_64.whl", hash = "sha256:39049da0ffb96c8cbb65cbf5c5f3ca3168990adf3551bd1dee10c48fce8ae820"},
    {file = "charset_normalizer-3.0.1-cp38-cp38-win32.whl", hash = "sha256:4457ea6774b5611f4bed5eaa5df55f70abde42364d498c5134b7ef4c6958e20e"},
    {file = "charset_normalizer-3.0.1-cp38-cp38-win_amd64.whl", hash = "sha256:e62164b50f84e20601c1ff8eb55620d2ad25fb81b59e3cd776a1902527a788af"},
    {file = "charset_normalizer-3.0.1-cp39-cp39-macosx_10_9_universal2.whl", hash = "sha256:8eade758719add78ec36dc13201483f8e9b5d940329285edcd5f70c0a9edbd7f"},
    {file = "charset_normalizer-3.0.1-cp39-cp39-macosx_10_9_x86_64.whl", hash = "sha256:8499ca8f4502af841f68135133d8258f7b32a53a1d594aa98cc52013fff55678"},
    {file = "charset_normalizer-3.0.1-cp39-cp39-macosx_11_0_arm64.whl", hash = "sha256:3fc1c4a2ffd64890aebdb3f97e1278b0cc72579a08ca4de8cd2c04799a3a22be"},
    {file = "charset_normalizer-3.0.1-cp39-cp39-manylinux_2_17_aarch64.manylinux2014_aarch64.whl", hash = "sha256:00d3ffdaafe92a5dc603cb9bd5111aaa36dfa187c8285c543be562e61b755f6b"},
    {file = "charset_normalizer-3.0.1-cp39-cp39-manylinux_2_17_ppc64le.manylinux2014_ppc64le.whl", hash = "sha256:c2ac1b08635a8cd4e0cbeaf6f5e922085908d48eb05d44c5ae9eabab148512ca"},
    {file = "charset_normalizer-3.0.1-cp39-cp39-manylinux_2_17_s390x.manylinux2014_s390x.whl", hash = "sha256:f6f45710b4459401609ebebdbcfb34515da4fc2aa886f95107f556ac69a9147e"},
    {file = "charset_normalizer-3.0.1-cp39-cp39-manylinux_2_17_x86_64.manylinux2014_x86_64.whl", hash = "sha256:3ae1de54a77dc0d6d5fcf623290af4266412a7c4be0b1ff7444394f03f5c54e3"},
    {file = "charset_normalizer-3.0.1-cp39-cp39-manylinux_2_5_i686.manylinux1_i686.manylinux_2_17_i686.manylinux2014_i686.whl", hash = "sha256:3b590df687e3c5ee0deef9fc8c547d81986d9a1b56073d82de008744452d6541"},
    {file = "charset_normalizer-3.0.1-cp39-cp39-musllinux_1_1_aarch64.whl", hash = "sha256:ab5de034a886f616a5668aa5d098af2b5385ed70142090e2a31bcbd0af0fdb3d"},
    {file = "charset_normalizer-3.0.1-cp39-cp39-musllinux_1_1_i686.whl", hash = "sha256:9cb3032517f1627cc012dbc80a8ec976ae76d93ea2b5feaa9d2a5b8882597579"},
    {file = "charset_normalizer-3.0.1-cp39-cp39-musllinux_1_1_ppc64le.whl", hash = "sha256:608862a7bf6957f2333fc54ab4399e405baad0163dc9f8d99cb236816db169d4"},
    {file = "charset_normalizer-3.0.1-cp39-cp39-musllinux_1_1_s390x.whl", hash = "sha256:0f438ae3532723fb6ead77e7c604be7c8374094ef4ee2c5e03a3a17f1fca256c"},
    {file = "charset_normalizer-3.0.1-cp39-cp39-musllinux_1_1_x86_64.whl", hash = "sha256:356541bf4381fa35856dafa6a965916e54bed415ad8a24ee6de6e37deccf2786"},
    {file = "charset_normalizer-3.0.1-cp39-cp39-win32.whl", hash = "sha256:39cf9ed17fe3b1bc81f33c9ceb6ce67683ee7526e65fde1447c772afc54a1bb8"},
    {file = "charset_normalizer-3.0.1-cp39-cp39-win_amd64.whl", hash = "sha256:0a11e971ed097d24c534c037d298ad32c6ce81a45736d31e0ff0ad37ab437d59"},
    {file = "charset_normalizer-3.0.1-py3-none-any.whl", hash = "sha256:7e189e2e1d3ed2f4aebabd2d5b0f931e883676e51c7624826e0a4e5fe8a0bf24"},
]

[[package]]
name = "future"
version = "0.18.3"
description = "Clean single-source support for Python 3 and 2"
category = "dev"
optional = false
python-versions = ">=2.6, !=3.0.*, !=3.1.*, !=3.2.*"
files = [
    {file = "future-0.18.3.tar.gz", hash = "sha256:34a17436ed1e96697a86f9de3d15a3b0be01d8bc8de9c1dffd59fb8234ed5307"},
]

[[package]]
name = "idna"
version = "3.4"
description = "Internationalized Domain Names in Applications (IDNA)"
category = "main"
optional = false
python-versions = ">=3.5"
files = [
    {file = "idna-3.4-py3-none-any.whl", hash = "sha256:90b77e79eaa3eba6de819a0c442c0b4ceefc341a7a2ab77d7562bf49f425c5c2"},
    {file = "idna-3.4.tar.gz", hash = "sha256:814f528e8dead7d329833b91c5faa87d60bf71824cd12a7530b5526063d02cb4"},
]

[[package]]
name = "macholib"
version = "1.16.2"
description = "Mach-O header analysis and editing"
category = "dev"
optional = false
python-versions = "*"
files = [
    {file = "macholib-1.16.2-py2.py3-none-any.whl", hash = "sha256:44c40f2cd7d6726af8fa6fe22549178d3a4dfecc35a9cd15ea916d9c83a688e0"},
    {file = "macholib-1.16.2.tar.gz", hash = "sha256:557bbfa1bb255c20e9abafe7ed6cd8046b48d9525db2f9b77d3122a63a2a8bf8"},
]

[package.dependencies]
altgraph = ">=0.17"

[[package]]
name = "pefile"
version = "2022.5.30"
description = "Python PE parsing module"
category = "dev"
optional = false
python-versions = ">=3.6.0"
files = [
    {file = "pefile-2022.5.30.tar.gz", hash = "sha256:a5488a3dd1fd021ce33f969780b88fe0f7eebb76eb20996d7318f307612a045b"},
]

[package.dependencies]
future = "*"

[[package]]
name = "pyaudio"
version = "0.2.13"
description = "Cross-platform audio I/O with PortAudio"
category = "main"
optional = false
python-versions = "*"
files = [
    {file = "PyAudio-0.2.13-cp310-cp310-win32.whl", hash = "sha256:48e29537ea22ae2ae323eebe297bfb2683831cee4f20d96964e131f65ab2161d"},
    {file = "PyAudio-0.2.13-cp310-cp310-win_amd64.whl", hash = "sha256:87137cfd0ef8608a2a383be3f6996f59505e322dab9d16531f14cf542fa294f1"},
    {file = "PyAudio-0.2.13-cp311-cp311-win32.whl", hash = "sha256:13915faaa780e6bbbb6d745ef0e761674fd461b1b1b3f9c1f57042a534bfc0c3"},
    {file = "PyAudio-0.2.13-cp311-cp311-win_amd64.whl", hash = "sha256:59cc3cc5211b729c7854e3989058a145872cc58b1a7b46c6d4d88448a343d890"},
    {file = "PyAudio-0.2.13-cp37-cp37m-win32.whl", hash = "sha256:d294e3f85b2238649b1ff49ce3412459a8a312569975a89d14646536362d7576"},
    {file = "PyAudio-0.2.13-cp37-cp37m-win_amd64.whl", hash = "sha256:ff7f5e44ef51fe61da1e09c6f632f0b5808198edd61b363855cc7dd03bf4a8ac"},
    {file = "PyAudio-0.2.13-cp38-cp38-win32.whl", hash = "sha256:c6b302b048c054b7463936d8ba884b73877dc47012f3c94665dba92dd658ae04"},
    {file = "PyAudio-0.2.13-cp38-cp38-win_amd64.whl", hash = "sha256:1505d766ee718df6f5a18b73ac42307ba1cb4d2c0397873159254a34f67515d6"},
    {file = "PyAudio-0.2.13-cp39-cp39-win32.whl", hash = "sha256:eb128e4a6ea9b98d9a31f33c44978885af27dbe8ae53d665f8790cbfe045517e"},
    {file = "PyAudio-0.2.13-cp39-cp39-win_amd64.whl", hash = "sha256:910ef09225cce227adbba92622d4a3e3c8375117f7dd64039f287d9ffc0e02a1"},
    {file = "PyAudio-0.2.13.tar.gz", hash = "sha256:26bccc81e4243d1c0ff5487e6b481de6329fcd65c79365c267cef38f363a2b56"},
]

[package.extras]
test = ["numpy"]

[[package]]
name = "pygame"
version = "2.1.3.dev8"
description = "Python Game Development"
category = "main"
optional = false
python-versions = ">=3.6"
files = [
    {file = "pygame-2.1.3.dev8-cp310-cp310-macosx_10_9_x86_64.whl", hash = "sha256:e39a6bb0c8354cde3e7a83eff165f555d554122b783fd2cd25f29e23dcb30a60"},
    {file = "pygame-2.1.3.dev8-cp310-cp310-macosx_11_0_arm64.whl", hash = "sha256:d17fbc146baea042d7be788790d5b1ca24dc63150076c84f7a6cd57b4f2fa8f2"},
    {file = "pygame-2.1.3.dev8-cp310-cp310-manylinux_2_12_i686.manylinux2010_i686.whl", hash = "sha256:7fa10c184fa27abd1f0acbf36a7bc0ea3250f09ddcaa77b739fc9fdc92294af8"},
    {file = "pygame-2.1.3.dev8-cp310-cp310-manylinux_2_12_x86_64.manylinux2010_x86_64.whl", hash = "sha256:ea8135b923ef31d339e7d38ea033eb35ce77bc511c5bf7772569eb8358aa0c8d"},
    {file = "pygame-2.1.3.dev8-cp310-cp310-manylinux_2_17_aarch64.manylinux2014_aarch64.whl", hash = "sha256:208d6fc9e9abd87f86ac04d5e118203a58f381cdd02d9fe23d0dbc3825791181"},
    {file = "pygame-2.1.3.dev8-cp310-cp310-manylinux_2_17_i686.manylinux2014_i686.whl", hash = "sha256:cbaf1933c7142ae5da08f74a3b7e721d067058b7da99823e8284e08563befddb"},
    {file = "pygame-2.1.3.dev8-cp310-cp310-manylinux_2_17_x86_64.manylinux2014_x86_64.whl", hash = "sha256:c4df48d75922d32209fe7da6e536e9303ff979cc63c497453b192ca56a0da13a"},
    {file = "pygame-2.1.3.dev8-cp310-cp310-win32.whl", hash = "sha256:874b9401e509fe3760d077b21aa8adaa7e0abf088616a3303e52fc8908cc3d0f"},
    {file = "pygame-2.1.3.dev8-cp310-cp310-win_amd64.whl", hash = "sha256:99668465fde865422018100b40c0e9b2a090df36f7af60a3eed442a2cf3751aa"},
    {file = "pygame-2.1.3.dev8-cp311-cp311-macosx_10_9_x86_64.whl", hash = "sha256:2f0779a985d8408daea35db8f5406cab4369fed4fc20d64e40a28ab178c34c43"},
    {file = "pygame-2.1.3.dev8-cp311-cp311-macosx_11_0_arm64.whl", hash = "sha256:dfb92bf1b82873935019d735c2d628e8ab7d7564debfa1180075f0cd23d20277"},
    {file = "pygame-2.1.3.dev8-cp311-cp311-manylinux_2_17_i686.manylinux2014_i686.whl", hash = "sha256:2abe5295df933e14ef234dcc14486e8a4843b3fc784a6cce627177546a8afa73"},
    {file = "pygame-2.1.3.dev8-cp311-cp311-manylinux_2_17_x86_64.manylinux2014_x86_64.whl", hash = "sha256:c4136a391edf49c7ec4375c4eb1bf6f102e1fd8976d41f7e67f662a621dc5a93"},
    {file = "pygame-2.1.3.dev8-cp311-cp311-win32.whl", hash = "sha256:4394ebb09d53bfae026568c132e6fd48c0141f1a0681bb5183b6e24ac0acf8b1"},
    {file = "pygame-2.1.3.dev8-cp311-cp311-win_amd64.whl", hash = "sha256:51c65812a671f871a407a7d1c837db79e00289a0c81a42ffedeb758490164a7c"},
    {file = "pygame-2.1.3.dev8-cp36-cp36m-macosx_10_9_x86_64.whl", hash = "sha256:e1b6367bfc79ddea1407601dfa5bf760f83dff37fd8d2d5ff52b33c2bb3a9057"},
    {file = "pygame-2.1.3.dev8-cp36-cp36m-manylinux_2_12_i686.manylinux2010_i686.whl", hash = "sha256:64fff3f68fa24aa12240973b115b1bdd19954ad111c09e78741470d32d735143"},
    {file = "pygame-2.1.3.dev8-cp36-cp36m-manylinux_2_12_x86_64.manylinux2010_x86_64.whl", hash = "sha256:2195d9370f9126496c63fa2c84215f4a9d3d7085e0ee98067a694cafa2b5be4d"},
    {file = "pygame-2.1.3.dev8-cp36-cp36m-manylinux_2_17_aarch64.manylinux2014_aarch64.whl", hash = "sha256:eea90cb2bc552becc667f69b0c263b96a698d2403288eac95c5b2555b82cfbf8"},
    {file = "pygame-2.1.3.dev8-cp36-cp36m-manylinux_2_17_i686.manylinux2014_i686.whl", hash = "sha256:9b1dbb68f470539c862b38918e3227b0393323a4cac966d8144eeb8209ceeba1"},
    {file = "pygame-2.1.3.dev8-cp36-cp36m-manylinux_2_17_x86_64.manylinux2014_x86_64.whl", hash = "sha256:afaa7c48426a99cbb8c0316e032616c695c3fe802e42851d885179e023656013"},
    {file = "pygame-2.1.3.dev8-cp36-cp36m-manylinux_2_5_i686.manylinux1_i686.whl", hash = "sha256:ec810d413e218a7c13c949aee43e72f6a3a3272ec55b609dedda658976f462ed"},
    {file = "pygame-2.1.3.dev8-cp36-cp36m-manylinux_2_5_x86_64.manylinux1_x86_64.whl", hash = "sha256:c12e89a4267ddb8c32d70e57c6bcdcb834008227eeb18b6e74cafdb812553f59"},
    {file = "pygame-2.1.3.dev8-cp36-cp36m-win32.whl", hash = "sha256:8b7799d2e9232fa53ab2f8a64302e48d0f3e3d011da58f175f57f27c9d26602a"},
    {file = "pygame-2.1.3.dev8-cp36-cp36m-win_amd64.whl", hash = "sha256:fbf45549d6175a0669741bec3b6aba4ef991f805f95541cccc153a418f3f58bf"},
    {file = "pygame-2.1.3.dev8-cp37-cp37m-macosx_10_9_x86_64.whl", hash = "sha256:db2a3c96fcecf0b4fdff110d735d7741b651771b59afb8af3a252ca8714deea9"},
    {file = "pygame-2.1.3.dev8-cp37-cp37m-manylinux_2_12_i686.manylinux2010_i686.whl", hash = "sha256:a16acba14182c0528b549d6ff2fbb25016d16dd0141198603816333f03fbfbca"},
    {file = "pygame-2.1.3.dev8-cp37-cp37m-manylinux_2_12_x86_64.manylinux2010_x86_64.whl", hash = "sha256:9ef7a284351ddeedda8becc039b8264117205bd0938bb3ea31a6edbb026d5fba"},
    {file = "pygame-2.1.3.dev8-cp37-cp37m-manylinux_2_17_aarch64.manylinux2014_aarch64.whl", hash = "sha256:fd25a3222f7df5e02d4a6c542008fd5db8784923e6133ab4f8d514eec4c260f1"},
    {file = "pygame-2.1.3.dev8-cp37-cp37m-manylinux_2_17_i686.manylinux2014_i686.whl", hash = "sha256:3d3a359f4945ed7801e172ae05d6692d8caf819cd2d55a496479b1be7388b78a"},
    {file = "pygame-2.1.3.dev8-cp37-cp37m-manylinux_2_17_x86_64.manylinux2014_x86_64.whl", hash = "sha256:07c6c4f2e5d82001545ec789c7846b2209ebeb3079ea27e73bfc2d878fd7cce6"},
    {file = "pygame-2.1.3.dev8-cp37-cp37m-manylinux_2_5_i686.manylinux1_i686.whl", hash = "sha256:8fef8e98224d18ce71ac253be9d9c691bdcde4324f5ccb116aad236088f376e1"},
    {file = "pygame-2.1.3.dev8-cp37-cp37m-manylinux_2_5_x86_64.manylinux1_x86_64.whl", hash = "sha256:a5aa2eae4f405eb29cfabb70f6d31277ed27028a23acc33cb3b7a29eef66c5a6"},
    {file = "pygame-2.1.3.dev8-cp37-cp37m-win32.whl", hash = "sha256:498f8a546f66fe909f2d24f0cac410af3e974bf0b67e2d7915344667ef460bf5"},
    {file = "pygame-2.1.3.dev8-cp37-cp37m-win_amd64.whl", hash = "sha256:e2391fb7c0e5e355330a03d2cb21bb7bb1f124e613a480ca0c9eb1d83c922fa4"},
    {file = "pygame-2.1.3.dev8-cp38-cp38-macosx_10_9_x86_64.whl", hash = "sha256:6f9ae55ca168793c518c110e210ceb69b35774583b27c95da75364be733d219d"},
    {file = "pygame-2.1.3.dev8-cp38-cp38-macosx_11_0_arm64.whl", hash = "sha256:5e3d0b95edb998468895d629477acac279068762aa39680aab89362e0cc92724"},
    {file = "pygame-2.1.3.dev8-cp38-cp38-manylinux_2_12_i686.manylinux2010_i686.whl", hash = "sha256:288092e79a1e60f0758b073e055e739e5f14945d4a4384faf250be46260c61a1"},
    {file = "pygame-2.1.3.dev8-cp38-cp38-manylinux_2_12_x86_64.manylinux2010_x86_64.whl", hash = "sha256:77d1feffbfa65469417755f38bf83921740de0c0bc5b99cc598e1e3b198339eb"},
    {file = "pygame-2.1.3.dev8-cp38-cp38-manylinux_2_17_aarch64.manylinux2014_aarch64.whl", hash = "sha256:b44c9e8a6705b9d4f817a7dcf0d44a7a6bf9d933fd3a915ec5ab49e8c3fff6b1"},
    {file = "pygame-2.1.3.dev8-cp38-cp38-manylinux_2_17_i686.manylinux2014_i686.whl", hash = "sha256:118f550b12f6174d3fcbd2220381c8a4b9f30b67893dbb37e62e4b73b759c329"},
    {file = "pygame-2.1.3.dev8-cp38-cp38-manylinux_2_17_x86_64.manylinux2014_x86_64.whl", hash = "sha256:fed249eef5dbfb6044a4cac3e0d658b032738f28939b44dbba63008f4e5647c1"},
    {file = "pygame-2.1.3.dev8-cp38-cp38-manylinux_2_5_i686.manylinux1_i686.whl", hash = "sha256:bbebfa40273272091f788d42a79c68172be673a2110fe8de269a9069c84b4c92"},
    {file = "pygame-2.1.3.dev8-cp38-cp38-manylinux_2_5_x86_64.manylinux1_x86_64.whl", hash = "sha256:0554e78a035f14ac81c364a820076c078cd723a00cd3253da0fa1a9000bf6cc3"},
    {file = "pygame-2.1.3.dev8-cp38-cp38-win32.whl", hash = "sha256:f37ecfb4be8b4d88fac0ea475033c624a19c7e852bbfe7f1ebf7298a25d9514b"},
    {file = "pygame-2.1.3.dev8-cp38-cp38-win_amd64.whl", hash = "sha256:386463dd493024bb7043b7881c31d0311985eef09b713d40ab6015782970f4be"},
    {file = "pygame-2.1.3.dev8-cp39-cp39-macosx_10_9_x86_64.whl", hash = "sha256:1bfbccf44bf3787becc6460bdefc2117d233e635adb879d09e4ce22f2bf7c47f"},
    {file = "pygame-2.1.3.dev8-cp39-cp39-macosx_11_0_arm64.whl", hash = "sha256:2fbea89ad0ce79abff3d9d42349cf2726a971e22de90099f93a8de1eca9eaeea"},
    {file = "pygame-2.1.3.dev8-cp39-cp39-manylinux_2_12_i686.manylinux2010_i686.whl", hash = "sha256:20cad1b05dd6658317a391094c9a8d02de691e130be834affe440cf73da6dae9"},
    {file = "pygame-2.1.3.dev8-cp39-cp39-manylinux_2_12_x86_64.manylinux2010_x86_64.whl", hash = "sha256:bee952258627645c79d6f25bb0c9c7e2444276248f72d62a3d20e34d9a168fb5"},
    {file = "pygame-2.1.3.dev8-cp39-cp39-manylinux_2_17_aarch64.manylinux2014_aarch64.whl", hash = "sha256:ddb302876526c9fd7d8fd373c5b6800d38ccdedf6703a71bbc4ddf9bad25e205"},
    {file = "pygame-2.1.3.dev8-cp39-cp39-manylinux_2_17_i686.manylinux2014_i686.whl", hash = "sha256:4f0961189e8bbb1ebd278f14b7170ec324f57d25217b23562917dca590ded78a"},
    {file = "pygame-2.1.3.dev8-cp39-cp39-manylinux_2_17_x86_64.manylinux2014_x86_64.whl", hash = "sha256:59ba0b9a7760ac90369cfbc42484d3faf880c1f1b70078919f2f1b5b79fd47f9"},
    {file = "pygame-2.1.3.dev8-cp39-cp39-manylinux_2_5_i686.manylinux1_i686.whl", hash = "sha256:c9dfca6c86bc2c21a59216e400da625cbd3cefc158c2961c2d85a479a0376ac7"},
    {file = "pygame-2.1.3.dev8-cp39-cp39-manylinux_2_5_x86_64.manylinux1_x86_64.whl", hash = "sha256:d118a4a586fcc77f0e0a54e72d8c46d1300b8ee51d0b52a599f6183f69d67f9a"},
    {file = "pygame-2.1.3.dev8-cp39-cp39-win32.whl", hash = "sha256:67ec337ecd6b066df7f98fc18d84f0a5f4071fcfb41f1d2213aed9696d50c576"},
    {file = "pygame-2.1.3.dev8-cp39-cp39-win_amd64.whl", hash = "sha256:fef57938cb733d11495377bb35e29e8b26ba08299d7026ac7c271a4f37d0e478"},
    {file = "pygame-2.1.3.dev8-pp36-pypy36_pp73-win32.whl", hash = "sha256:423f7befb7d9b0edf1aa4ad57c136a88edb1a23a42190c646e23d4657476b289"},
    {file = "pygame-2.1.3.dev8-pp37-pypy37_pp73-macosx_10_9_x86_64.whl", hash = "sha256:92021bead9f23cf0b61075ed5f36bc3f026736358f157523bfa417578c0bbb2a"},
    {file = "pygame-2.1.3.dev8-pp37-pypy37_pp73-manylinux_2_12_i686.manylinux2010_i686.whl", hash = "sha256:2c88cfa5c0adcb9755818fab8607d04af79a9f6aa596f89e08ad2fcd735d29e5"},
    {file = "pygame-2.1.3.dev8-pp37-pypy37_pp73-manylinux_2_12_x86_64.manylinux2010_x86_64.whl", hash = "sha256:f3f6c16c92124b9b32479184a019aed05e9908d57f2718332d5cfb194e42739f"},
    {file = "pygame-2.1.3.dev8-pp37-pypy37_pp73-manylinux_2_17_i686.manylinux2014_i686.whl", hash = "sha256:8db064bf207cf4418346683bc8d415c9afee4fc9b2c57b7f81d7ce109250319b"},
    {file = "pygame-2.1.3.dev8-pp37-pypy37_pp73-manylinux_2_17_x86_64.manylinux2014_x86_64.whl", hash = "sha256:bceaa40f6f0b11427a9f555b93acac0ef992558855d64d9dd594f218c68456af"},
    {file = "pygame-2.1.3.dev8-pp38-pypy38_pp73-macosx_10_9_x86_64.whl", hash = "sha256:08c45e05d83129a5b773ca1efe64b536d3ecbc26354faf4d41f0c6a3bab8800b"},
    {file = "pygame-2.1.3.dev8-pp39-pypy39_pp73-macosx_10_9_x86_64.whl", hash = "sha256:5265af53e7aa409756ac0cde3affcb359338e1e5247e164f4d150db0a301db69"},
    {file = "pygame-2.1.3.dev8.tar.gz", hash = "sha256:94d98328e73d56be35cc3ae8e31f9d95fbce4f3dca6a74f05c58f4c5ef18c33d"},
]

[[package]]
name = "pyinstaller"
version = "5.7.0"
description = "PyInstaller bundles a Python application and all its dependencies into a single package."
category = "dev"
optional = false
python-versions = "<3.12,>=3.7"
files = [
    {file = "pyinstaller-5.7.0-py3-none-macosx_10_13_universal2.whl", hash = "sha256:b967ae71ab7b05e18608dbb4518da5afa54f0835927cb7a5ce52ab8fffed03b6"},
    {file = "pyinstaller-5.7.0-py3-none-manylinux2014_aarch64.whl", hash = "sha256:3180b9bf22263380adc5e2ee051b7c21463292877215bbe70c9155dc76f4b966"},
    {file = "pyinstaller-5.7.0-py3-none-manylinux2014_i686.whl", hash = "sha256:0f80e2403e76630ad3392c71f09c1a4284e8d8a8a99fb55ff3a0aba0e06300ed"},
    {file = "pyinstaller-5.7.0-py3-none-manylinux2014_ppc64le.whl", hash = "sha256:2c1dd9d11cfc48bab61eeb06de69a3d1ad742bbb2ef14716965ca0333dd43a5b"},
    {file = "pyinstaller-5.7.0-py3-none-manylinux2014_s390x.whl", hash = "sha256:dfc12e92fe10ae645dd0dd1fcfa4cd7677b2e96119e3cd4980d742e09bb78925"},
    {file = "pyinstaller-5.7.0-py3-none-manylinux2014_x86_64.whl", hash = "sha256:f35f06d48faea0ad738429c009941059beebaa306e9d9ead95f1df4b441de2aa"},
    {file = "pyinstaller-5.7.0-py3-none-musllinux_1_1_aarch64.whl", hash = "sha256:28a8a0da656493aa32d9665e2f6f84775da0f23174859ed8facaa4226fe77a17"},
    {file = "pyinstaller-5.7.0-py3-none-musllinux_1_1_x86_64.whl", hash = "sha256:1ac3f09b838710c43e34b0a7ad003bd168a754b0b786c561b47baf1af9104354"},
    {file = "pyinstaller-5.7.0-py3-none-win32.whl", hash = "sha256:9cdb8ee8622ee8d2c6cd67f001b610019d4371a8bf3f7850562640ce786894d7"},
    {file = "pyinstaller-5.7.0-py3-none-win_amd64.whl", hash = "sha256:9b47c10fbefac6f6493266f8b1689109b2b14efa9142dbd2cd7549226a4568b7"},
    {file = "pyinstaller-5.7.0-py3-none-win_arm64.whl", hash = "sha256:3e51e18a16dec0414079762843cf892a5d70749ad56ca7b3c7b5f8367dc50b1e"},
    {file = "pyinstaller-5.7.0.tar.gz", hash = "sha256:0e5953937d35f0b37543cc6915dacaf3239bcbdf3fd3ecbb7866645468a16775"},
]

[package.dependencies]
altgraph = "*"
macholib = {version = ">=1.8", markers = "sys_platform == \"darwin\""}
pefile = {version = ">=2022.5.30", markers = "sys_platform == \"win32\""}
pyinstaller-hooks-contrib = ">=2021.4"
pywin32-ctypes = {version = ">=0.2.0", markers = "sys_platform == \"win32\""}
setuptools = ">=42.0.0"

[package.extras]
encryption = ["tinyaes (>=1.0.0)"]
hook-testing = ["execnet (>=1.5.0)", "psutil", "pytest (>=2.7.3)"]

[[package]]
name = "pyinstaller-hooks-contrib"
version = "2022.15"
description = "Community maintained hooks for PyInstaller"
category = "dev"
optional = false
python-versions = ">=3.7"
files = [
    {file = "pyinstaller-hooks-contrib-2022.15.tar.gz", hash = "sha256:73fd4051dc1620f3ae9643291cd9e2f47bfed582ade2eb05e3247ecab4a4f5f3"},
    {file = "pyinstaller_hooks_contrib-2022.15-py2.py3-none-any.whl", hash = "sha256:55c1def8066d0279d06cd67eea30c12ffcdb961a5edeeaf361adac0164baef30"},
]

[[package]]
name = "pyqt5"
version = "5.15.8"
description = "Python bindings for the Qt cross platform application toolkit"
category = "dev"
optional = false
python-versions = ">=3.7"
files = [
    {file = "PyQt5-5.15.8-cp37-abi3-macosx_10_13_x86_64.whl", hash = "sha256:c6ee352bef5ef6392039db2d09a376908ca6ed34d1892bfe8be08e28e1992a89"},
    {file = "PyQt5-5.15.8-cp37-abi3-manylinux_2_17_x86_64.whl", hash = "sha256:85f72addcf430b958e156fe90b975aec5c2dfe0a53f5b13c69e072de989000f7"},
    {file = "PyQt5-5.15.8-cp37-abi3-win32.whl", hash = "sha256:7daa668d2c36b62da8fb3b68670b70455dba659fe5006400222280d6153dc035"},
    {file = "PyQt5-5.15.8-cp37-abi3-win_amd64.whl", hash = "sha256:e812ff1f9b994f592392f764246372d29dd3e8d800087064cab47109d9aad1f7"},
    {file = "PyQt5-5.15.8.tar.gz", hash = "sha256:bc85e3efb9135c56c8b88157c8825005fb7cd0f14babd93976778aae82eda360"},
]

[package.dependencies]
PyQt5-Qt5 = ">=5.15.2"
PyQt5-sip = ">=12.11,<13"

[[package]]
name = "pyqt5-qt5"
version = "5.15.2"
description = "The subset of a Qt installation needed by PyQt5."
category = "dev"
optional = false
python-versions = "*"
files = [
    {file = "PyQt5_Qt5-5.15.2-py3-none-macosx_10_13_intel.whl", hash = "sha256:76980cd3d7ae87e3c7a33bfebfaee84448fd650bad6840471d6cae199b56e154"},
    {file = "PyQt5_Qt5-5.15.2-py3-none-manylinux2014_x86_64.whl", hash = "sha256:1988f364ec8caf87a6ee5d5a3a5210d57539988bf8e84714c7d60972692e2f4a"},
    {file = "PyQt5_Qt5-5.15.2-py3-none-win32.whl", hash = "sha256:9cc7a768b1921f4b982ebc00a318ccb38578e44e45316c7a4a850e953e1dd327"},
    {file = "PyQt5_Qt5-5.15.2-py3-none-win_amd64.whl", hash = "sha256:750b78e4dba6bdf1607febedc08738e318ea09e9b10aea9ff0d73073f11f6962"},
]

[[package]]
name = "pyqt5-sip"
version = "12.11.1"
description = "The sip module support for PyQt5"
category = "dev"
optional = false
python-versions = ">=3.7"
files = [
    {file = "PyQt5_sip-12.11.1-cp310-cp310-macosx_10_9_universal2.whl", hash = "sha256:a40a39a6136a90e10c31510295c2be924564fc6260691501cdde669bdc5edea5"},
    {file = "PyQt5_sip-12.11.1-cp310-cp310-manylinux_2_5_x86_64.manylinux1_x86_64.whl", hash = "sha256:19b06164793177146c7f7604fe8389f44221a7bde196f2182457eb3e4229fa88"},
    {file = "PyQt5_sip-12.11.1-cp310-cp310-win32.whl", hash = "sha256:3afb1d1c07adcfef5c8bb12356a2ec2ec094f324af4417735d43b1ecaf1bb1a4"},
    {file = "PyQt5_sip-12.11.1-cp310-cp310-win_amd64.whl", hash = "sha256:54dad6c2e5dab14e46f6822a889bbb1515bbd2061762273af10d26566d649bd9"},
    {file = "PyQt5_sip-12.11.1-cp311-cp311-macosx_10_9_universal2.whl", hash = "sha256:7218f6a1cefeb0b2fc26b89f15011f841aa4cd77786ccd863bf9792347fa38a8"},
    {file = "PyQt5_sip-12.11.1-cp311-cp311-manylinux_2_5_x86_64.manylinux1_x86_64.whl", hash = "sha256:6b1113538082a7dd63b908587f61ce28ba4c7b8341e801fdf305d53a50a878ab"},
    {file = "PyQt5_sip-12.11.1-cp311-cp311-win32.whl", hash = "sha256:ac5f7ed06213d3bb203e33037f7c1a0716584c21f4f0922dcc044750e3659b80"},
    {file = "PyQt5_sip-12.11.1-cp311-cp311-win_amd64.whl", hash = "sha256:4f0497e2f5eeaea9f5a67b0e55c501168efa86df4e53aace2a46498b87bc55c1"},
    {file = "PyQt5_sip-12.11.1-cp37-cp37m-macosx_10_9_x86_64.whl", hash = "sha256:b355d56483edc79dcba30be947a6b700856bb74beb90539e14cc4d92b9bad152"},
    {file = "PyQt5_sip-12.11.1-cp37-cp37m-manylinux_2_5_x86_64.manylinux1_x86_64.whl", hash = "sha256:dd163d9cffc4a56ebb9dd6908c0f0cb0caff8080294d41f4fb60fc3be63ca434"},
    {file = "PyQt5_sip-12.11.1-cp37-cp37m-win32.whl", hash = "sha256:b714f550ea6ddae94fd7acae531971e535f4a4e7277b62eb44e7c649cf3f03d0"},
    {file = "PyQt5_sip-12.11.1-cp37-cp37m-win_amd64.whl", hash = "sha256:d09b2586235deab7a5f2e28e4bde9a70c0b3730fa84f2590804a9932414136a3"},
    {file = "PyQt5_sip-12.11.1-cp38-cp38-macosx_10_9_x86_64.whl", hash = "sha256:9a6f9c058564d0ac573561036299f54c452ae78b7d2a65d7c2d01685e6dca50d"},
    {file = "PyQt5_sip-12.11.1-cp38-cp38-manylinux_2_5_x86_64.manylinux1_x86_64.whl", hash = "sha256:fc920c0e0d5050474d2d6282b478e4957548bf1dce58e1b0678914514dc70064"},
    {file = "PyQt5_sip-12.11.1-cp38-cp38-win32.whl", hash = "sha256:3358c584832f0ac9fd1ad3623d8a346c705f43414df1fcd0cb285a6ef51fec08"},
    {file = "PyQt5_sip-12.11.1-cp38-cp38-win_amd64.whl", hash = "sha256:f9691c6f4d899ca762dd54442a1be158c3e52017f583183da6ef37d5bae86595"},
    {file = "PyQt5_sip-12.11.1-cp39-cp39-macosx_10_9_universal2.whl", hash = "sha256:0bc81cb9e171d29302d393775f95cfa01b7a15f61b199ab1812976e5c4cb2cb9"},
    {file = "PyQt5_sip-12.11.1-cp39-cp39-manylinux_2_5_x86_64.manylinux1_x86_64.whl", hash = "sha256:b077fb4383536f51382f5516f0347328a4f338c6ccc4c268cc358643bef1b838"},
    {file = "PyQt5_sip-12.11.1-cp39-cp39-win32.whl", hash = "sha256:5c152878443c3e951d5db7df53509d444708dc06a121c267b548146be06b87f8"},
    {file = "PyQt5_sip-12.11.1-cp39-cp39-win_amd64.whl", hash = "sha256:bd935cc46dfdbb89c21042c1db2e46a71f25693af57272f146d6d9418e2934f1"},
    {file = "PyQt5_sip-12.11.1.tar.gz", hash = "sha256:97d3fbda0f61edb1be6529ec2d5c7202ae83aee4353e4b264a159f8c9ada4369"},
]

[[package]]
name = "pywin32"
version = "305"
description = "Python for Window Extensions"
category = "dev"
optional = false
python-versions = "*"
files = [
    {file = "pywin32-305-cp310-cp310-win32.whl", hash = "sha256:421f6cd86e84bbb696d54563c48014b12a23ef95a14e0bdba526be756d89f116"},
    {file = "pywin32-305-cp310-cp310-win_amd64.whl", hash = "sha256:73e819c6bed89f44ff1d690498c0a811948f73777e5f97c494c152b850fad478"},
    {file = "pywin32-305-cp310-cp310-win_arm64.whl", hash = "sha256:742eb905ce2187133a29365b428e6c3b9001d79accdc30aa8969afba1d8470f4"},
    {file = "pywin32-305-cp311-cp311-win32.whl", hash = "sha256:19ca459cd2e66c0e2cc9a09d589f71d827f26d47fe4a9d09175f6aa0256b51c2"},
    {file = "pywin32-305-cp311-cp311-win_amd64.whl", hash = "sha256:326f42ab4cfff56e77e3e595aeaf6c216712bbdd91e464d167c6434b28d65990"},
    {file = "pywin32-305-cp311-cp311-win_arm64.whl", hash = "sha256:4ecd404b2c6eceaca52f8b2e3e91b2187850a1ad3f8b746d0796a98b4cea04db"},
    {file = "pywin32-305-cp36-cp36m-win32.whl", hash = "sha256:48d8b1659284f3c17b68587af047d110d8c44837736b8932c034091683e05863"},
    {file = "pywin32-305-cp36-cp36m-win_amd64.whl", hash = "sha256:13362cc5aa93c2beaf489c9c9017c793722aeb56d3e5166dadd5ef82da021fe1"},
    {file = "pywin32-305-cp37-cp37m-win32.whl", hash = "sha256:a55db448124d1c1484df22fa8bbcbc45c64da5e6eae74ab095b9ea62e6d00496"},
    {file = "pywin32-305-cp37-cp37m-win_amd64.whl", hash = "sha256:109f98980bfb27e78f4df8a51a8198e10b0f347257d1e265bb1a32993d0c973d"},
    {file = "pywin32-305-cp38-cp38-win32.whl", hash = "sha256:9dd98384da775afa009bc04863426cb30596fd78c6f8e4e2e5bbf4edf8029504"},
    {file = "pywin32-305-cp38-cp38-win_amd64.whl", hash = "sha256:56d7a9c6e1a6835f521788f53b5af7912090674bb84ef5611663ee1595860fc7"},
    {file = "pywin32-305-cp39-cp39-win32.whl", hash = "sha256:9d968c677ac4d5cbdaa62fd3014ab241718e619d8e36ef8e11fb930515a1e918"},
    {file = "pywin32-305-cp39-cp39-win_amd64.whl", hash = "sha256:50768c6b7c3f0b38b7fb14dd4104da93ebced5f1a50dc0e834594bff6fbe1271"},
]

[[package]]
name = "pywin32-ctypes"
version = "0.2.0"
description = ""
category = "dev"
optional = false
python-versions = "*"
files = [
    {file = "pywin32-ctypes-0.2.0.tar.gz", hash = "sha256:24ffc3b341d457d48e8922352130cf2644024a4ff09762a2261fd34c36ee5942"},
    {file = "pywin32_ctypes-0.2.0-py2.py3-none-any.whl", hash = "sha256:9dc2d991b3479cc2df15930958b674a48a227d5361d413827a4cfd0b5876fc98"},
]

[[package]]
name = "requests"
version = "2.28.2"
description = "Python HTTP for Humans."
category = "main"
optional = false
python-versions = ">=3.7, <4"
files = [
    {file = "requests-2.28.2-py3-none-any.whl", hash = "sha256:64299f4909223da747622c030b781c0d7811e359c37124b4bd368fb8c6518baa"},
    {file = "requests-2.28.2.tar.gz", hash = "sha256:98b1b2782e3c6c4904938b84c0eb932721069dfdb9134313beff7c83c2df24bf"},
]

[package.dependencies]
certifi = ">=2017.4.17"
charset-normalizer = ">=2,<4"
idna = ">=2.5,<4"
urllib3 = ">=1.21.1,<1.27"

[package.extras]
socks = ["PySocks (>=1.5.6,!=1.5.7)"]
use-chardet-on-py3 = ["chardet (>=3.0.2,<6)"]

[[package]]
name = "setuptools"
version = "67.0.0"
description = "Easily download, build, install, upgrade, and uninstall Python packages"
category = "dev"
optional = false
python-versions = ">=3.7"
files = [
    {file = "setuptools-67.0.0-py3-none-any.whl", hash = "sha256:9d790961ba6219e9ff7d9557622d2fe136816a264dd01d5997cfc057d804853d"},
    {file = "setuptools-67.0.0.tar.gz", hash = "sha256:883131c5b6efa70b9101c7ef30b2b7b780a4283d5fc1616383cdf22c83cbefe6"},
]

[package.extras]
docs = ["furo", "jaraco.packaging (>=9)", "jaraco.tidelift (>=1.4)", "pygments-github-lexers (==0.0.5)", "rst.linker (>=1.9)", "sphinx (>=3.5)", "sphinx-favicon", "sphinx-hoverxref (<2)", "sphinx-inline-tabs", "sphinx-lint", "sphinx-notfound-page (==0.8.3)", "sphinx-reredirects", "sphinxcontrib-towncrier"]
testing = ["build[virtualenv]", "filelock (>=3.4.0)", "flake8 (<5)", "flake8-2020", "ini2toml[lite] (>=0.9)", "jaraco.envs (>=2.2)", "jaraco.path (>=3.2.0)", "pip (>=19.1)", "pip-run (>=8.8)", "pytest (>=6)", "pytest-black (>=0.3.7)", "pytest-checkdocs (>=2.4)", "pytest-cov", "pytest-enabler (>=1.3)", "pytest-flake8", "pytest-mypy (>=0.9.1)", "pytest-perf", "pytest-timeout", "pytest-xdist", "tomli-w (>=1.0.0)", "virtualenv (>=13.0.0)", "wheel"]
testing-integration = ["build[virtualenv]", "filelock (>=3.4.0)", "jaraco.envs (>=2.2)", "jaraco.path (>=3.2.0)", "pytest", "pytest-enabler", "pytest-xdist", "tomli", "virtualenv (>=13.0.0)", "wheel"]

[[package]]
name = "speechrecognition"
version = "3.9.0"
description = "Library for performing speech recognition, with support for several engines and APIs, online and offline."
category = "main"
optional = false
python-versions = "*"
files = [
    {file = "SpeechRecognition-3.9.0-py2.py3-none-any.whl", hash = "sha256:6da44facb564b3f2bcee96a2bf876b89a14f61afdee1e7fb12815e58211fd329"},
    {file = "SpeechRecognition-3.9.0.tar.gz", hash = "sha256:a2f992acda6314a3fa574bf84c2e075ce75f2b4c143b4435d7cbc98f66565ee7"},
]

[package.dependencies]
requests = ">=2.26.0"

[[package]]
name = "urllib3"
version = "1.26.14"
description = "HTTP library with thread-safe connection pooling, file post, and more."
category = "main"
optional = false
python-versions = ">=2.7, !=3.0.*, !=3.1.*, !=3.2.*, !=3.3.*, !=3.4.*, !=3.5.*"
files = [
    {file = "urllib3-1.26.14-py2.py3-none-any.whl", hash = "sha256:75edcdc2f7d85b137124a6c3c9fc3933cdeaa12ecb9a6a959f22797a0feca7e1"},
    {file = "urllib3-1.26.14.tar.gz", hash = "sha256:076907bf8fd355cde77728471316625a4d2f7e713c125f51953bb5b3eecf4f72"},
]

[package.extras]
brotli = ["brotli (>=1.0.9)", "brotlicffi (>=0.8.0)", "brotlipy (>=0.6.0)"]
secure = ["certifi", "cryptography (>=1.3.4)", "idna (>=2.0.0)", "ipaddress", "pyOpenSSL (>=0.14)", "urllib3-secure-extra"]
socks = ["PySocks (>=1.5.6,!=1.5.7,<2.0)"]

[metadata]
lock-version = "2.0"
python-versions = ">=3.10,<3.12"
content-hash = "d532eb552d298aec182d7c78c4e7b16f3e89554e16a2801399e9440f045e6b9b"
